
Microsoft Visual Studio Solution File, Format Version 12.00
# Visual Studio 15
VisualStudioVersion = 15.0.28307.902
MinimumVisualStudioVersion = 10.0.40219.1
Project("{FAE04EC0-301F-11D3-BF4B-00C04F79EFBC}") = "RentC", "RentC\RentC.csproj", "{B19AB4A0-8EBC-4920-B804-DC22F1CABEF9}"
EndProject
Global
	GlobalSection(SolutionConfigurationPlatforms) = preSolution
		Debug|Any CPU = Debug|Any CPU
		Release|Any CPU = Release|Any CPU
	EndGlobalSection
	GlobalSection(ProjectConfigurationPlatforms) = postSolution
		{B19AB4A0-8EBC-4920-B804-DC22F1CABEF9}.Debug|Any CPU.ActiveCfg = Debug|Any CPU
		{B19AB4A0-8EBC-4920-B804-DC22F1CABEF9}.Debug|Any CPU.Build.0 = Debug|Any CPU
		{B19AB4A0-8EBC-4920-B804-DC22F1CABEF9}.Release|Any CPU.ActiveCfg = Release|Any CPU
		{B19AB4A0-8EBC-4920-B804-DC22F1CABEF9}.Release|Any CPU.Build.0 = Release|Any CPU
	EndGlobalSection
	GlobalSection(SolutionProperties) = preSolution
		HideSolutionNode = FALSE
	EndGlobalSection
	GlobalSection(ExtensibilityGlobals) = postSolution
		SolutionGuid = {909530F8-CA94-441B-B87D-D69DC59C81F0}
	EndGlobalSection
EndGlobal
